
Microsoft Visual Studio Solution File, Format Version 12.00
# Visual Studio Version 17
VisualStudioVersion = 17.2.32630.192
MinimumVisualStudioVersion = 10.0.40219.1
Project("{FAE04EC0-301F-11D3-BF4B-00C04F79EFBC}") = "Brotherhood_Server", "Brotherhood_Server\Brotherhood_Server.csproj", "{DC65EAB3-9638-4CC8-A27D-B16D4DB71D1A}"
EndProject
Global
	GlobalSection(SolutionConfigurationPlatforms) = preSolution
		Debug|Any CPU = Debug|Any CPU
		Release|Any CPU = Release|Any CPU
	EndGlobalSection
	GlobalSection(ProjectConfigurationPlatforms) = postSolution
		{DC65EAB3-9638-4CC8-A27D-B16D4DB71D1A}.Debug|Any CPU.ActiveCfg = Debug|Any CPU
		{DC65EAB3-9638-4CC8-A27D-B16D4DB71D1A}.Debug|Any CPU.Build.0 = Debug|Any CPU
		{DC65EAB3-9638-4CC8-A27D-B16D4DB71D1A}.Release|Any CPU.ActiveCfg = Release|Any CPU
		{DC65EAB3-9638-4CC8-A27D-B16D4DB71D1A}.Release|Any CPU.Build.0 = Release|Any CPU
	EndGlobalSection
	GlobalSection(SolutionProperties) = preSolution
		HideSolutionNode = FALSE
	EndGlobalSection
	GlobalSection(ExtensibilityGlobals) = postSolution
		SolutionGuid = {051BA3D7-2A5D-47DA-BED3-DD7F4E94AD17}
	EndGlobalSection
EndGlobal
